
Microsoft Visual Studio Solution File, Format Version 12.00
# Visual Studio Version 17
VisualStudioVersion = 17.4.33213.308
MinimumVisualStudioVersion = 10.0.40219.1
Project("{9A19103F-16F7-4668-BE54-9A1E7A4F7556}") = "Crowswood.CsvConverter", "Crowswood.CsvConverter\Crowswood.CsvConverter.csproj", "{9A3938A2-8042-4D1B-A4E1-5174030A3E40}"
EndProject
Project("{9A19103F-16F7-4668-BE54-9A1E7A4F7556}") = "Crowswood.CsvConverter.Tests", "Crowswood.CsvConverter.Tests\Crowswood.CsvConverter.Tests.csproj", "{EF6FB833-8854-42A4-9399-F63EB9F42921}"
EndProject
Project("{2150E333-8FDC-42A3-9474-1A3956D46DE8}") = "Solution Items", "Solution Items", "{66FF071E-BC8E-4102-BCD3-46C80932D653}"
	ProjectSection(SolutionItems) = preProject
		README.md = README.md
	EndProjectSection
EndProject
Global
	GlobalSection(SolutionConfigurationPlatforms) = preSolution
		Debug|Any CPU = Debug|Any CPU
		Release|Any CPU = Release|Any CPU
	EndGlobalSection
	GlobalSection(ProjectConfigurationPlatforms) = postSolution
		{9A3938A2-8042-4D1B-A4E1-5174030A3E40}.Debug|Any CPU.ActiveCfg = Debug|Any CPU
		{9A3938A2-8042-4D1B-A4E1-5174030A3E40}.Debug|Any CPU.Build.0 = Debug|Any CPU
		{9A3938A2-8042-4D1B-A4E1-5174030A3E40}.Release|Any CPU.ActiveCfg = Release|Any CPU
		{9A3938A2-8042-4D1B-A4E1-5174030A3E40}.Release|Any CPU.Build.0 = Release|Any CPU
		{EF6FB833-8854-42A4-9399-F63EB9F42921}.Debug|Any CPU.ActiveCfg = Debug|Any CPU
		{EF6FB833-8854-42A4-9399-F63EB9F42921}.Debug|Any CPU.Build.0 = Debug|Any CPU
		{EF6FB833-8854-42A4-9399-F63EB9F42921}.Release|Any CPU.ActiveCfg = Release|Any CPU
		{EF6FB833-8854-42A4-9399-F63EB9F42921}.Release|Any CPU.Build.0 = Release|Any CPU
	EndGlobalSection
	GlobalSection(SolutionProperties) = preSolution
		HideSolutionNode = FALSE
	EndGlobalSection
	GlobalSection(ExtensibilityGlobals) = postSolution
		SolutionGuid = {366FE747-7D9F-4DBC-BE20-E3AA591A9294}
	EndGlobalSection
EndGlobal
